
Microsoft Visual Studio Solution File, Format Version 12.00
# Visual Studio Version 17
VisualStudioVersion = 17.8.34408.163
MinimumVisualStudioVersion = 10.0.40219.1
Project("{FAE04EC0-301F-11D3-BF4B-00C04F79EFBC}") = "WebAPI", "WebAPI\WebAPI.csproj", "{54E2DAEB-3492-42D9-B867-B6E0A1808F77}"
EndProject
Project("{FAE04EC0-301F-11D3-BF4B-00C04F79EFBC}") = "Tests", "Tests\Tests.csproj", "{701806C0-71CD-44FC-8500-881F354A3F09}"
EndProject
Project("{FAE04EC0-301F-11D3-BF4B-00C04F79EFBC}") = "Business", "Business\Business.csproj", "{A38A6A78-1AC9-4273-AEA8-74007387A12F}"
EndProject
Project("{FAE04EC0-301F-11D3-BF4B-00C04F79EFBC}") = "DataAccess", "DataAccess\DataAccess.csproj", "{1A8DFEB7-59F2-4B53-9794-78A00390A39A}"
EndProject
Project("{FAE04EC0-301F-11D3-BF4B-00C04F79EFBC}") = "Core", "Core\Core.csproj", "{1E81D124-D65D-4FF0-A366-CE7813C80E26}"
EndProject
Project("{FAE04EC0-301F-11D3-BF4B-00C04F79EFBC}") = "Entities", "Entities\Entities.csproj", "{B0CC0D50-648B-499F-AA09-C8CF49A15B1C}"
EndProject
Global
	GlobalSection(SolutionConfigurationPlatforms) = preSolution
		Debug|Any CPU = Debug|Any CPU
		Release|Any CPU = Release|Any CPU
	EndGlobalSection
	GlobalSection(ProjectConfigurationPlatforms) = postSolution
		{54E2DAEB-3492-42D9-B867-B6E0A1808F77}.Debug|Any CPU.ActiveCfg = Debug|Any CPU
		{54E2DAEB-3492-42D9-B867-B6E0A1808F77}.Debug|Any CPU.Build.0 = Debug|Any CPU
		{54E2DAEB-3492-42D9-B867-B6E0A1808F77}.Release|Any CPU.ActiveCfg = Release|Any CPU
		{54E2DAEB-3492-42D9-B867-B6E0A1808F77}.Release|Any CPU.Build.0 = Release|Any CPU
		{701806C0-71CD-44FC-8500-881F354A3F09}.Debug|Any CPU.ActiveCfg = Debug|Any CPU
		{701806C0-71CD-44FC-8500-881F354A3F09}.Debug|Any CPU.Build.0 = Debug|Any CPU
		{701806C0-71CD-44FC-8500-881F354A3F09}.Release|Any CPU.ActiveCfg = Release|Any CPU
		{701806C0-71CD-44FC-8500-881F354A3F09}.Release|Any CPU.Build.0 = Release|Any CPU
		{A38A6A78-1AC9-4273-AEA8-74007387A12F}.Debug|Any CPU.ActiveCfg = Debug|Any CPU
		{A38A6A78-1AC9-4273-AEA8-74007387A12F}.Debug|Any CPU.Build.0 = Debug|Any CPU
		{A38A6A78-1AC9-4273-AEA8-74007387A12F}.Release|Any CPU.ActiveCfg = Release|Any CPU
		{A38A6A78-1AC9-4273-AEA8-74007387A12F}.Release|Any CPU.Build.0 = Release|Any CPU
		{1A8DFEB7-59F2-4B53-9794-78A00390A39A}.Debug|Any CPU.ActiveCfg = Debug|Any CPU
		{1A8DFEB7-59F2-4B53-9794-78A00390A39A}.Debug|Any CPU.Build.0 = Debug|Any CPU
		{1A8DFEB7-59F2-4B53-9794-78A00390A39A}.Release|Any CPU.ActiveCfg = Release|Any CPU
		{1A8DFEB7-59F2-4B53-9794-78A00390A39A}.Release|Any CPU.Build.0 = Release|Any CPU
		{1E81D124-D65D-4FF0-A366-CE7813C80E26}.Debug|Any CPU.ActiveCfg = Debug|Any CPU
		{1E81D124-D65D-4FF0-A366-CE7813C80E26}.Debug|Any CPU.Build.0 = Debug|Any CPU
		{1E81D124-D65D-4FF0-A366-CE7813C80E26}.Release|Any CPU.ActiveCfg = Release|Any CPU
		{1E81D124-D65D-4FF0-A366-CE7813C80E26}.Release|Any CPU.Build.0 = Release|Any CPU
		{B0CC0D50-648B-499F-AA09-C8CF49A15B1C}.Debug|Any CPU.ActiveCfg = Debug|Any CPU
		{B0CC0D50-648B-499F-AA09-C8CF49A15B1C}.Debug|Any CPU.Build.0 = Debug|Any CPU
		{B0CC0D50-648B-499F-AA09-C8CF49A15B1C}.Release|Any CPU.ActiveCfg = Release|Any CPU
		{B0CC0D50-648B-499F-AA09-C8CF49A15B1C}.Release|Any CPU.Build.0 = Release|Any CPU
	EndGlobalSection
	GlobalSection(SolutionProperties) = preSolution
		HideSolutionNode = FALSE
	EndGlobalSection
	GlobalSection(ExtensibilityGlobals) = postSolution
		SolutionGuid = {D4FC2276-D9B4-4233-8CE6-DE87182F3C41}
	EndGlobalSection
EndGlobal
